
Microsoft Visual Studio Solution File, Format Version 12.00
# Visual Studio Version 17
VisualStudioVersion = 17.9.34616.47
MinimumVisualStudioVersion = 10.0.40219.1
Project("{FAE04EC0-301F-11D3-BF4B-00C04F79EFBC}") = "MAVSMVC", "MAVSMVC.csproj", "{AC6F455D-9D09-4571-AB54-B07C196B0093}"
EndProject
Global
	GlobalSection(SolutionConfigurationPlatforms) = preSolution
		Debug|Any CPU = Debug|Any CPU
		Release|Any CPU = Release|Any CPU
	EndGlobalSection
	GlobalSection(ProjectConfigurationPlatforms) = postSolution
		{AC6F455D-9D09-4571-AB54-B07C196B0093}.Debug|Any CPU.ActiveCfg = Debug|Any CPU
		{AC6F455D-9D09-4571-AB54-B07C196B0093}.Debug|Any CPU.Build.0 = Debug|Any CPU
		{AC6F455D-9D09-4571-AB54-B07C196B0093}.Release|Any CPU.ActiveCfg = Release|Any CPU
		{AC6F455D-9D09-4571-AB54-B07C196B0093}.Release|Any CPU.Build.0 = Release|Any CPU
	EndGlobalSection
	GlobalSection(SolutionProperties) = preSolution
		HideSolutionNode = FALSE
	EndGlobalSection
	GlobalSection(ExtensibilityGlobals) = postSolution
		SolutionGuid = {53917D1F-CD5E-4606-901E-D7A30961297D}
	EndGlobalSection
EndGlobal
